
Microsoft Visual Studio Solution File, Format Version 12.00
# Visual Studio 2015
Project("{FAE04EC0-301F-11D3-BF4B-00C04F79EFBC}") = "MS_0.7_android.CSharp.Plugins", "MS_0.7_android.CSharp.Plugins.csproj", "{A32849C8-1ED6-9273-F7A5-DDC743DC4B16}"
EndProject
Project("{FAE04EC0-301F-11D3-BF4B-00C04F79EFBC}") = "MS_0.7_android.CSharp", "MS_0.7_android.CSharp.csproj", "{E8E0BBD2-6708-638C-2053-792641B30235}"
EndProject
Project("{FAE04EC0-301F-11D3-BF4B-00C04F79EFBC}") = "MS_0.7_android.CSharp.Editor", "MS_0.7_android.CSharp.Editor.csproj", "{6A6EC451-D6F5-053E-D465-AC8D14ED5386}"
EndProject
Global
	GlobalSection(SolutionConfigurationPlatforms) = preSolution
		Debug|Any CPU = Debug|Any CPU
		Release|Any CPU = Release|Any CPU
	EndGlobalSection
	GlobalSection(ProjectConfigurationPlatforms) = postSolution
		{A32849C8-1ED6-9273-F7A5-DDC743DC4B16}.Debug|Any CPU.ActiveCfg = Debug|Any CPU
		{A32849C8-1ED6-9273-F7A5-DDC743DC4B16}.Debug|Any CPU.Build.0 = Debug|Any CPU
		{A32849C8-1ED6-9273-F7A5-DDC743DC4B16}.Release|Any CPU.ActiveCfg = Release|Any CPU
		{A32849C8-1ED6-9273-F7A5-DDC743DC4B16}.Release|Any CPU.Build.0 = Release|Any CPU
		{E8E0BBD2-6708-638C-2053-792641B30235}.Debug|Any CPU.ActiveCfg = Debug|Any CPU
		{E8E0BBD2-6708-638C-2053-792641B30235}.Debug|Any CPU.Build.0 = Debug|Any CPU
		{E8E0BBD2-6708-638C-2053-792641B30235}.Release|Any CPU.ActiveCfg = Release|Any CPU
		{E8E0BBD2-6708-638C-2053-792641B30235}.Release|Any CPU.Build.0 = Release|Any CPU
		{6A6EC451-D6F5-053E-D465-AC8D14ED5386}.Debug|Any CPU.ActiveCfg = Debug|Any CPU
		{6A6EC451-D6F5-053E-D465-AC8D14ED5386}.Debug|Any CPU.Build.0 = Debug|Any CPU
		{6A6EC451-D6F5-053E-D465-AC8D14ED5386}.Release|Any CPU.ActiveCfg = Release|Any CPU
		{6A6EC451-D6F5-053E-D465-AC8D14ED5386}.Release|Any CPU.Build.0 = Release|Any CPU
	EndGlobalSection
	GlobalSection(SolutionProperties) = preSolution
		HideSolutionNode = FALSE
	EndGlobalSection
EndGlobal
